// !$*UTF8*$!
{
	archiveVersion = 1;
	classes = {
	};
	objectVersion = 50;
	objects = {

/* Begin PBXBuildFile section */
		1EC1C36323B861A50054B658 /* AppDelegate.swift in Sources */ = {isa = PBXBuildFile; fileRef = 1EC1C36223B861A50054B658 /* AppDelegate.swift */; };
		1EC1C36523B861A50054B658 /* SceneDelegate.swift in Sources */ = {isa = PBXBuildFile; fileRef = 1EC1C36423B861A50054B658 /* SceneDelegate.swift */; };
		1EC1C36723B861A50054B658 /* ViewController.swift in Sources */ = {isa = PBXBuildFile; fileRef = 1EC1C36623B861A50054B658 /* ViewController.swift */; };
		1EC1C36A23B861A50054B658 /* Main.storyboard in Resources */ = {isa = PBXBuildFile; fileRef = 1EC1C36823B861A50054B658 /* Main.storyboard */; };
		1EC1C36C23B861A60054B658 /* Assets.xcassets in Resources */ = {isa = PBXBuildFile; fileRef = 1EC1C36B23B861A60054B658 /* Assets.xcassets */; };
		1EC1C36F23B861A60054B658 /* LaunchScreen.storyboard in Resources */ = {isa = PBXBuildFile; fileRef = 1EC1C36D23B861A60054B658 /* LaunchScreen.storyboard */; };
		1EC1C37F23B87B8D0054B658 /* GithubActionsTestTests.swift in Sources */ = {isa = PBXBuildFile; fileRef = 1EC1C37E23B87B8D0054B658 /* GithubActionsTestTests.swift */; };
/* End PBXBuildFile section */

/* Begin PBXContainerItemProxy section */
		1EC1C38123B87B8D0054B658 /* PBXContainerItemProxy */ = {
			isa = PBXContainerItemProxy;
			containerPortal = 1EC1C35723B861A50054B658 /* Project object */;
			proxyType = 1;
			remoteGlobalIDString = 1EC1C35E23B861A50054B658;
			remoteInfo = GithubActionsTest;
		};
/* End PBXContainerItemProxy section */

/* Begin PBXFileReference section */
		1EC1C35F23B861A50054B658 /* GithubActionsTest.app */ = {isa = PBXFileReference; explicitFileType = wrapper.application; includeInIndex = 0; path = GithubActionsTest.app; sourceTree = BUILT_PRODUCTS_DIR; };
		1EC1C36223B861A50054B658 /* AppDelegate.swift */ = {isa = PBXFileReference; lastKnownFileType = sourcecode.swift; path = AppDelegate.swift; sourceTree = "<group>"; };
		1EC1C36423B861A50054B658 /* SceneDelegate.swift */ = {isa = PBXFileReference; lastKnownFileType = sourcecode.swift; path = SceneDelegate.swift; sourceTree = "<group>"; };
		1EC1C36623B861A50054B658 /* ViewController.swift */ = {isa = PBXFileReference; lastKnownFileType = sourcecode.swift; path = ViewController.swift; sourceTree = "<group>"; };
		1EC1C36923B861A50054B658 /* Base */ = {isa = PBXFileReference; lastKnownFileType = file.storyboard; name = Base; path = Base.lproj/Main.storyboard; sourceTree = "<group>"; };
		1EC1C36B23B861A60054B658 /* Assets.xcassets */ = {isa = PBXFileReference; lastKnownFileType = folder.assetcatalog; path = Assets.xcassets; sourceTree = "<group>"; };
		1EC1C36E23B861A60054B658 /* Base */ = {isa = PBXFileReference; lastKnownFileType = file.storyboard; name = Base; path = Base.lproj/LaunchScreen.storyboard; sourceTree = "<group>"; };
		1EC1C37023B861A60054B658 /* Info.plist */ = {isa = PBXFileReference; lastKnownFileType = text.plist.xml; path = Info.plist; sourceTree = "<group>"; };
		1EC1C37C23B87B8C0054B658 /* GithubActionsTestTests.xctest */ = {isa = PBXFileReference; explicitFileType = wrapper.cfbundle; includeInIndex = 0; path = GithubActionsTestTests.xctest; sourceTree = BUILT_PRODUCTS_DIR; };
		1EC1C37E23B87B8D0054B658 /* GithubActionsTestTests.swift */ = {isa = PBXFileReference; lastKnownFileType = sourcecode.swift; path = GithubActionsTestTests.swift; sourceTree = "<group>"; };
		1EC1C38023B87B8D0054B658 /* Info.plist */ = {isa = PBXFileReference; lastKnownFileType = text.plist.xml; path = Info.plist; sourceTree = "<group>"; };
/* End PBXFileReference section */

/* Begin PBXFrameworksBuildPhase section */
		1EC1C35C23B861A50054B658 /* Frameworks */ = {
			isa = PBXFrameworksBuildPhase;
			buildActionMask = 2147483647;
			files = (
			);
			runOnlyForDeploymentPostprocessing = 0;
		};
		1EC1C37923B87B8C0054B658 /* Frameworks */ = {
			isa = PBXFrameworksBuildPhase;
			buildActionMask = 2147483647;
			files = (
			);
			runOnlyForDeploymentPostprocessing = 0;
		};
/* End PBXFrameworksBuildPhase section */

/* Begin PBXGroup section */
		1EC1C35623B861A50054B658 = {
			isa = PBXGroup;
			children = (
				1EC1C36123B861A50054B658 /* GithubActionsTest */,
				1EC1C37D23B87B8D0054B658 /* GithubActionsTestTests */,
				1EC1C36023B861A50054B658 /* Products */,
			);
			sourceTree = "<group>";
		};
		1EC1C36023B861A50054B658 /* Products */ = {
			isa = PBXGroup;
			children = (
				1EC1C35F23B861A50054B658 /* GithubActionsTest.app */,
				1EC1C37C23B87B8C0054B658 /* GithubActionsTestTests.xctest */,
			);
			name = Products;
			sourceTree = "<group>";
		};
		1EC1C36123B861A50054B658 /* GithubActionsTest */ = {
			isa = PBXGroup;
			children = (
				1EC1C36223B861A50054B658 /* AppDelegate.swift */,
				1EC1C36423B861A50054B658 /* SceneDelegate.swift */,
				1EC1C36623B861A50054B658 /* ViewController.swift */,
				1EC1C36823B861A50054B658 /* Main.storyboard */,
				1EC1C36B23B861A60054B658 /* Assets.xcassets */,
				1EC1C36D23B861A60054B658 /* LaunchScreen.storyboard */,
				1EC1C37023B861A60054B658 /* Info.plist */,
			);
			path = GithubActionsTest;
			sourceTree = "<group>";
		};
		1EC1C37D23B87B8D0054B658 /* GithubActionsTestTests */ = {
			isa = PBXGroup;
			children = (
				1EC1C37E23B87B8D0054B658 /* GithubActionsTestTests.swift */,
				1EC1C38023B87B8D0054B658 /* Info.plist */,
			);
			path = GithubActionsTestTests;
			sourceTree = "<group>";
		};
/* End PBXGroup section */

/* Begin PBXNativeTarget section */
		1EC1C35E23B861A50054B658 /* GithubActionsTest */ = {
			isa = PBXNativeTarget;
			buildConfigurationList = 1EC1C37323B861A60054B658 /* Build configuration list for PBXNativeTarget "GithubActionsTest" */;
			buildPhases = (
				1EC1C35B23B861A50054B658 /* Sources */,
				1EC1C35C23B861A50054B658 /* Frameworks */,
				1EC1C35D23B861A50054B658 /* Resources */,
			);
			buildRules = (
			);
			dependencies = (
			);
			name = GithubActionsTest;
			productName = GithubActionsTest;
			productReference = 1EC1C35F23B861A50054B658 /* GithubActionsTest.app */;
			productType = "com.apple.product-type.application";
		};
		1EC1C37B23B87B8C0054B658 /* GithubActionsTestTests */ = {
			isa = PBXNativeTarget;
			buildConfigurationList = 1EC1C38523B87B8D0054B658 /* Build configuration list for PBXNativeTarget "GithubActionsTestTests" */;
			buildPhases = (
				1EC1C37823B87B8C0054B658 /* Sources */,
				1EC1C37923B87B8C0054B658 /* Frameworks */,
				1EC1C37A23B87B8C0054B658 /* Resources */,
			);
			buildRules = (
			);
			dependencies = (
				1EC1C38223B87B8D0054B658 /* PBXTargetDependency */,
			);
			name = GithubActionsTestTests;
			productName = GithubActionsTestTests;
			productReference = 1EC1C37C23B87B8C0054B658 /* GithubActionsTestTests.xctest */;
			productType = "com.apple.product-type.bundle.unit-test";
		};
/* End PBXNativeTarget section */

/* Begin PBXProject section */
		1EC1C35723B861A50054B658 /* Project object */ = {
			isa = PBXProject;
			attributes = {
				LastSwiftUpdateCheck = 1100;
				LastUpgradeCheck = 1100;
				ORGANIZATIONNAME = "Doan Dat";
				TargetAttributes = {
					1EC1C35E23B861A50054B658 = {
						CreatedOnToolsVersion = 11.0;
					};
					1EC1C37B23B87B8C0054B658 = {
						CreatedOnToolsVersion = 11.0;
						TestTargetID = 1EC1C35E23B861A50054B658;
					};
				};
			};
			buildConfigurationList = 1EC1C35A23B861A50054B658 /* Build configuration list for PBXProject "GithubActionsTest" */;
			compatibilityVersion = "Xcode 9.3";
			developmentRegion = en;
			hasScannedForEncodings = 0;
			knownRegions = (
				en,
				Base,
			);
			mainGroup = 1EC1C35623B861A50054B658;
			productRefGroup = 1EC1C36023B861A50054B658 /* Products */;
			projectDirPath = "";
			projectRoot = "";
			targets = (
				1EC1C35E23B861A50054B658 /* GithubActionsTest */,
				1EC1C37B23B87B8C0054B658 /* GithubActionsTestTests */,
			);
		};
/* End PBXProject section */

/* Begin PBXResourcesBuildPhase section */
		1EC1C35D23B861A50054B658 /* Resources */ = {
			isa = PBXResourcesBuildPhase;
			buildActionMask = 2147483647;
			files = (
				1EC1C36F23B861A60054B658 /* LaunchScreen.storyboard in Resources */,
				1EC1C36C23B861A60054B658 /* Assets.xcassets in Resources */,
				1EC1C36A23B861A50054B658 /* Main.storyboard in Resources */,
			);
			runOnlyForDeploymentPostprocessing = 0;
		};
		1EC1C37A23B87B8C0054B658 /* Resources */ = {
			isa = PBXResourcesBuildPhase;
			buildActionMask = 2147483647;
			files = (
			);
			runOnlyForDeploymentPostprocessing = 0;
		};
/* End PBXResourcesBuildPhase section */

/* Begin PBXSourcesBuildPhase section */
		1EC1C35B23B861A50054B658 /* Sources */ = {
			isa = PBXSourcesBuildPhase;
			buildActionMask = 2147483647;
			files = (
				1EC1C36723B861A50054B658 /* ViewController.swift in Sources */,
				1EC1C36323B861A50054B658 /* AppDelegate.swift in Sources */,
				1EC1C36523B861A50054B658 /* SceneDelegate.swift in Sources */,
			);
			runOnlyForDeploymentPostprocessing = 0;
		};
		1EC1C37823B87B8C0054B658 /* Sources */ = {
			isa = PBXSourcesBuildPhase;
			buildActionMask = 2147483647;
			files = (
				1EC1C37F23B87B8D0054B658 /* GithubActionsTestTests.swift in Sources */,
			);
			runOnlyForDeploymentPostprocessing = 0;
		};
/* End PBXSourcesBuildPhase section */

/* Begin PBXTargetDependency section */
		1EC1C38223B87B8D0054B658 /* PBXTargetDependency */ = {
			isa = PBXTargetDependency;
			target = 1EC1C35E23B861A50054B658 /* GithubActionsTest */;
			targetProxy = 1EC1C38123B87B8D0054B658 /* PBXContainerItemProxy */;
		};
/* End PBXTargetDependency section */

/* Begin PBXVariantGroup section */
		1EC1C36823B861A50054B658 /* Main.storyboard */ = {
			isa = PBXVariantGroup;
			children = (
				1EC1C36923B861A50054B658 /* Base */,
			);
			name = Main.storyboard;
			sourceTree = "<group>";
		};
		1EC1C36D23B861A60054B658 /* LaunchScreen.storyboard */ = {
			isa = PBXVariantGroup;
			children = (
				1EC1C36E23B861A60054B658 /* Base */,
			);
			name = LaunchScreen.storyboard;
			sourceTree = "<group>";
		};
/* End PBXVariantGroup section */

/* Begin XCBuildConfiguration section */
		1EC1C37123B861A60054B658 /* Debug */ = {
			isa = XCBuildConfiguration;
			buildSettings = {
				ALWAYS_SEARCH_USER_PATHS = NO;
				CLANG_ANALYZER_NONNULL = YES;
				CLANG_ANALYZER_NUMBER_OBJECT_CONVERSION = YES_AGGRESSIVE;
				CLANG_CXX_LANGUAGE_STANDARD = "gnu++14";
				CLANG_CXX_LIBRARY = "libc++";
				CLANG_ENABLE_MODULES = YES;
				CLANG_ENABLE_OBJC_ARC = YES;
				CLANG_ENABLE_OBJC_WEAK = YES;
				CLANG_WARN_BLOCK_CAPTURE_AUTORELEASING = YES;
				CLANG_WARN_BOOL_CONVERSION = YES;
				CLANG_WARN_COMMA = YES;
				CLANG_WARN_CONSTANT_CONVERSION = YES;
				CLANG_WARN_DEPRECATED_OBJC_IMPLEMENTATIONS = YES;
				CLANG_WARN_DIRECT_OBJC_ISA_USAGE = YES_ERROR;
				CLANG_WARN_DOCUMENTATION_COMMENTS = YES;
				CLANG_WARN_EMPTY_BODY = YES;
				CLANG_WARN_ENUM_CONVERSION = YES;
				CLANG_WARN_INFINITE_RECURSION = YES;
				CLANG_WARN_INT_CONVERSION = YES;
				CLANG_WARN_NON_LITERAL_NULL_CONVERSION = YES;
				CLANG_WARN_OBJC_IMPLICIT_RETAIN_SELF = YES;
				CLANG_WARN_OBJC_LITERAL_CONVERSION = YES;
				CLANG_WARN_OBJC_ROOT_CLASS = YES_ERROR;
				CLANG_WARN_RANGE_LOOP_ANALYSIS = YES;
				CLANG_WARN_STRICT_PROTOTYPES = YES;
				CLANG_WARN_SUSPICIOUS_MOVE = YES;
				CLANG_WARN_UNGUARDED_AVAILABILITY = YES_AGGRESSIVE;
				CLANG_WARN_UNREACHABLE_CODE = YES;
				CLANG_WARN__DUPLICATE_METHOD_MATCH = YES;
				COPY_PHASE_STRIP = NO;
				DEBUG_INFORMATION_FORMAT = dwarf;
				ENABLE_STRICT_OBJC_MSGSEND = YES;
				ENABLE_TESTABILITY = YES;
				GCC_C_LANGUAGE_STANDARD = gnu11;
				GCC_DYNAMIC_NO_PIC = NO;
				GCC_NO_COMMON_BLOCKS = YES;
				GCC_OPTIMIZATION_LEVEL = 0;
				GCC_PREPROCESSOR_DEFINITIONS = (
					"DEBUG=1",
					"$(inherited)",
				);
				GCC_WARN_64_TO_32_BIT_CONVERSION = YES;
				GCC_WARN_ABOUT_RETURN_TYPE = YES_ERROR;
				GCC_WARN_UNDECLARED_SELECTOR = YES;
				GCC_WARN_UNINITIALIZED_AUTOS = YES_AGGRESSIVE;
				GCC_WARN_UNUSED_FUNCTION = YES;
				GCC_WARN_UNUSED_VARIABLE = YES;
				IPHONEOS_DEPLOYMENT_TARGET = 13.0;
				MTL_ENABLE_DEBUG_INFO = INCLUDE_SOURCE;
				MTL_FAST_MATH = YES;
				ONLY_ACTIVE_ARCH = YES;
				SDKROOT = iphoneos;
				SWIFT_ACTIVE_COMPILATION_CONDITIONS = DEBUG;
				SWIFT_OPTIMIZATION_LEVEL = "-Onone";
			};
			name = Debug;
		};
		1EC1C37223B861A60054B658 /* Release */ = {
			isa = XCBuildConfiguration;
			buildSettings = {
				ALWAYS_SEARCH_USER_PATHS = NO;
				CLANG_ANALYZER_NONNULL = YES;
				CLANG_ANALYZER_NUMBER_OBJECT_CONVERSION = YES_AGGRESSIVE;
				CLANG_CXX_LANGUAGE_STANDARD = "gnu++14";
				CLANG_CXX_LIBRARY = "libc++";
				CLANG_ENABLE_MODULES = YES;
				CLANG_ENABLE_OBJC_ARC = YES;
				CLANG_ENABLE_OBJC_WEAK = YES;
				CLANG_WARN_BLOCK_CAPTURE_AUTORELEASING = YES;
				CLANG_WARN_BOOL_CONVERSION = YES;
				CLANG_WARN_COMMA = YES;
				CLANG_WARN_CONSTANT_CONVERSION = YES;
				CLANG_WARN_DEPRECATED_OBJC_IMPLEMENTATIONS = YES;
				CLANG_WARN_DIRECT_OBJC_ISA_USAGE = YES_ERROR;
				CLANG_WARN_DOCUMENTATION_COMMENTS = YES;
				CLANG_WARN_EMPTY_BODY = YES;
				CLANG_WARN_ENUM_CONVERSION = YES;
				CLANG_WARN_INFINITE_RECURSION = YES;
				CLANG_WARN_INT_CONVERSION = YES;
				CLANG_WARN_NON_LITERAL_NULL_CONVERSION = YES;
				CLANG_WARN_OBJC_IMPLICIT_RETAIN_SELF = YES;
				CLANG_WARN_OBJC_LITERAL_CONVERSION = YES;
				CLANG_WARN_OBJC_ROOT_CLASS = YES_ERROR;
				CLANG_WARN_RANGE_LOOP_ANALYSIS = YES;
				CLANG_WARN_STRICT_PROTOTYPES = YES;
				CLANG_WARN_SUSPICIOUS_MOVE = YES;
				CLANG_WARN_UNGUARDED_AVAILABILITY = YES_AGGRESSIVE;
				CLANG_WARN_UNREACHABLE_CODE = YES;
				CLANG_WARN__DUPLICATE_METHOD_MATCH = YES;
				COPY_PHASE_STRIP = NO;
				DEBUG_INFORMATION_FORMAT = "dwarf-with-dsym";
				ENABLE_NS_ASSERTIONS = NO;
				ENABLE_STRICT_OBJC_MSGSEND = YES;
				GCC_C_LANGUAGE_STANDARD = gnu11;
				GCC_NO_COMMON_BLOCKS = YES;
				GCC_WARN_64_TO_32_BIT_CONVERSION = YES;
				GCC_WARN_ABOUT_RETURN_TYPE = YES_ERROR;
				GCC_WARN_UNDECLARED_SELECTOR = YES;
				GCC_WARN_UNINITIALIZED_AUTOS = YES_AGGRESSIVE;
				GCC_WARN_UNUSED_FUNCTION = YES;
				GCC_WARN_UNUSED_VARIABLE = YES;
				IPHONEOS_DEPLOYMENT_TARGET = 13.0;
				MTL_ENABLE_DEBUG_INFO = NO;
				MTL_FAST_MATH = YES;
				SDKROOT = iphoneos;
				SWIFT_COMPILATION_MODE = wholemodule;
				SWIFT_OPTIMIZATION_LEVEL = "-O";
				VALIDATE_PRODUCT = YES;
			};
			name = Release;
		};
		1EC1C37423B861A60054B658 /* Debug */ = {
			isa = XCBuildConfiguration;
			buildSettings = {
				ASSETCATALOG_COMPILER_APPICON_NAME = AppIcon;
				CODE_SIGN_STYLE = Automatic;
				INFOPLIST_FILE = GithubActionsTest/Info.plist;
				LD_RUNPATH_SEARCH_PATHS = (
					"$(inherited)",
					"@executable_path/Frameworks",
				);
				PRODUCT_BUNDLE_IDENTIFIER = com.boeing.cas.GithubActionsTest;
				PRODUCT_NAME = "$(TARGET_NAME)";
				SWIFT_VERSION = 5.0;
				TARGETED_DEVICE_FAMILY = "1,2";
			};
			name = Debug;
		};
		1EC1C37523B861A60054B658 /* Release */ = {
			isa = XCBuildConfiguration;
			buildSettings = {
				ASSETCATALOG_COMPILER_APPICON_NAME = AppIcon;
				CODE_SIGN_STYLE = Automatic;
				INFOPLIST_FILE = GithubActionsTest/Info.plist;
				LD_RUNPATH_SEARCH_PATHS = (
					"$(inherited)",
					"@executable_path/Frameworks",
				);
				PRODUCT_BUNDLE_IDENTIFIER = com.boeing.cas.GithubActionsTest;
				PRODUCT_NAME = "$(TARGET_NAME)";
				SWIFT_VERSION = 5.0;
				TARGETED_DEVICE_FAMILY = "1,2";
			};
			name = Release;
		};
		1EC1C38323B87B8D0054B658 /* Debug */ = {
			isa = XCBuildConfiguration;
			buildSettings = {
				BUNDLE_LOADER = "$(TEST_HOST)";
				CODE_SIGN_STYLE = Automatic;
				INFOPLIST_FILE = GithubActionsTestTests/Info.plist;
				LD_RUNPATH_SEARCH_PATHS = (
					"$(inherited)",
					"@executable_path/Frameworks",
					"@loader_path/Frameworks",
				);
				PRODUCT_BUNDLE_IDENTIFIER = com.boeing.cas.GithubActionsTestTests;
				PRODUCT_NAME = "$(TARGET_NAME)";
				SWIFT_VERSION = 5.0;
				TARGETED_DEVICE_FAMILY = "1,2";
				TEST_HOST = "$(BUILT_PRODUCTS_DIR)/GithubActionsTest.app/GithubActionsTest";
			};
			name = Debug;
		};
		1EC1C38423B87B8D0054B658 /* Release */ = {
			isa = XCBuildConfiguration;
			buildSettings = {
				BUNDLE_LOADER = "$(TEST_HOST)";
				CODE_SIGN_STYLE = Automatic;
				INFOPLIST_FILE = GithubActionsTestTests/Info.plist;
				LD_RUNPATH_SEARCH_PATHS = (
					"$(inherited)",
					"@executable_path/Frameworks",
					"@loader_path/Frameworks",
				);
				PRODUCT_BUNDLE_IDENTIFIER = com.boeing.cas.GithubActionsTestTests;
				PRODUCT_NAME = "$(TARGET_NAME)";
				SWIFT_VERSION = 5.0;
				TARGETED_DEVICE_FAMILY = "1,2";
				TEST_HOST = "$(BUILT_PRODUCTS_DIR)/GithubActionsTest.app/GithubActionsTest";
			};
			name = Release;
		};
/* End XCBuildConfiguration section */

/* Begin XCConfigurationList section */
		1EC1C35A23B861A50054B658 /* Build configuration list for PBXProject "GithubActionsTest" */ = {
			isa = XCConfigurationList;
			buildConfigurations = (
				1EC1C37123B861A60054B658 /* Debug */,
				1EC1C37223B861A60054B658 /* Release */,
			);
			defaultConfigurationIsVisible = 0;
			defaultConfigurationName = Release;
		};
		1EC1C37323B861A60054B658 /* Build configuration list for PBXNativeTarget "GithubActionsTest" */ = {
			isa = XCConfigurationList;
			buildConfigurations = (
				1EC1C37423B861A60054B658 /* Debug */,
				1EC1C37523B861A60054B658 /* Release */,
			);
			defaultConfigurationIsVisible = 0;
			defaultConfigurationName = Release;
		};
		1EC1C38523B87B8D0054B658 /* Build configuration list for PBXNativeTarget "GithubActionsTestTests" */ = {
			isa = XCConfigurationList;
			buildConfigurations = (
				1EC1C38323B87B8D0054B658 /* Debug */,
				1EC1C38423B87B8D0054B658 /* Release */,
			);
			defaultConfigurationIsVisible = 0;
			defaultConfigurationName = Release;
		};
/* End XCConfigurationList section */
	};
	rootObject = 1EC1C35723B861A50054B658 /* Project object */;
}
